
Microsoft Visual Studio Solution File, Format Version 12.00
# Visual Studio Version 16
VisualStudioVersion = 16.0.28803.202
MinimumVisualStudioVersion = 10.0.40219.1
Project("{FAE04EC0-301F-11D3-BF4B-00C04F79EFBC}") = "Microsoft_pipeLine_demo.Web", "Microsoft_pipeLine_demo.Web\Microsoft_pipeLine_demo.Web.csproj", "{5BB811E6-0E4A-4E36-9EB3-9458EF5F17CB}"
EndProject
Global
	GlobalSection(SolutionConfigurationPlatforms) = preSolution
		Debug|Any CPU = Debug|Any CPU
		Release|Any CPU = Release|Any CPU
	EndGlobalSection
	GlobalSection(ProjectConfigurationPlatforms) = postSolution
		{5BB811E6-0E4A-4E36-9EB3-9458EF5F17CB}.Debug|Any CPU.ActiveCfg = Debug|Any CPU
		{5BB811E6-0E4A-4E36-9EB3-9458EF5F17CB}.Debug|Any CPU.Build.0 = Debug|Any CPU
		{5BB811E6-0E4A-4E36-9EB3-9458EF5F17CB}.Release|Any CPU.ActiveCfg = Release|Any CPU
		{5BB811E6-0E4A-4E36-9EB3-9458EF5F17CB}.Release|Any CPU.Build.0 = Release|Any CPU
	EndGlobalSection
	GlobalSection(SolutionProperties) = preSolution
		HideSolutionNode = FALSE
	EndGlobalSection
	GlobalSection(ExtensibilityGlobals) = postSolution
		SolutionGuid = {63BBB7DB-13D4-44CD-8B1D-4A3271BAA5F2}
	EndGlobalSection
EndGlobal
